
Microsoft Visual Studio Solution File, Format Version 12.00
# Visual Studio 15
VisualStudioVersion = 15.0.28307.329
MinimumVisualStudioVersion = 10.0.40219.1
Project("{FAE04EC0-301F-11D3-BF4B-00C04F79EFBC}") = "Top2000", "Top2000\Top2000.csproj", "{6800B972-F5AB-49D0-BCA1-20A5713D7533}"
EndProject
Global
	GlobalSection(SolutionConfigurationPlatforms) = preSolution
		Debug|Any CPU = Debug|Any CPU
		Release|Any CPU = Release|Any CPU
	EndGlobalSection
	GlobalSection(ProjectConfigurationPlatforms) = postSolution
		{6800B972-F5AB-49D0-BCA1-20A5713D7533}.Debug|Any CPU.ActiveCfg = Debug|Any CPU
		{6800B972-F5AB-49D0-BCA1-20A5713D7533}.Debug|Any CPU.Build.0 = Debug|Any CPU
		{6800B972-F5AB-49D0-BCA1-20A5713D7533}.Release|Any CPU.ActiveCfg = Release|Any CPU
		{6800B972-F5AB-49D0-BCA1-20A5713D7533}.Release|Any CPU.Build.0 = Release|Any CPU
	EndGlobalSection
	GlobalSection(SolutionProperties) = preSolution
		HideSolutionNode = FALSE
	EndGlobalSection
	GlobalSection(ExtensibilityGlobals) = postSolution
		SolutionGuid = {3D9CD5AF-3565-416A-A2E0-2372A97195B0}
	EndGlobalSection
EndGlobal
